{
  "lockfileVersion": 2,
  "configVersion": 1,
  "workspaces": {
    "": {
      "name": "tchrome",
      "dependencies": {
        "@tavily/core": "^0.7.11",
        "ajv": "^8.20.0",
        "openai": "^7.10.0",
        "react": "^19.2.8",
        "react-dom": "^19.2.8",
      },
      "devDependencies": {
        "@types/bun": "^1.4.1",
        "@types/chrome": "^0.2.8",
        "@types/react": "^19.2.18",
        "@types/react-dom": "^19.2.7",
      },
    },
  },
  "packages": {
    "@tavily/core": ["@tavily/core@0.7.11", "https://registry.npmmirror.com/@tavily/core/-/core-0.7.11.tgz", { "dependencies": { "axios": "^1.7.7", "https-proxy-agent": "^7.0.6", "js-tiktoken": "^1.0.14" } }, "sha512-gLkov1uscNDyR3MnD7gFIxhbyukQbgaXhtsRYENa8kM2O8lo4VgWm/cJCEhaxI28hk9sEky6+QEMs7RuJBMnEg=="],

    "@types/bun": ["@types/bun@1.4.1", "https://registry.npmmirror.com/@types/bun/-/bun-1.4.1.tgz", { "dependencies": { "bun-types": "1.4.1" } }, "sha512-0AVGiTXGajf1rgKom3N+c5L7CBxuoyyv1i44M0nX4UDK0G/fnRAMiri93nHuVPIb429KKtAgj7HatVmmOjeQLA=="],

    "@types/chrome": ["@types/chrome@0.2.8", "https://registry.npmmirror.com/@types/chrome/-/chrome-0.2.8.tgz", { "dependencies": { "@types/filesystem": "*", "@types/har-format": "*" } }, "sha512-dznDYMiJUyuc7b+78PxnWhaGOonmbX/OmcWu7NE42sg/yTLJMYnJ7Uah40SLPNFiCh8reqcthk7vOva2+MSvzw=="],

    "@types/filesystem": ["@types/filesystem@0.0.36", "https://registry.npmmirror.com/@types/filesystem/-/filesystem-0.0.36.tgz", { "dependencies": { "@types/filewriter": "*" } }, "sha512-vPDXOZuannb9FZdxgHnqSwAG/jvdGM8Wq+6N4D/d80z+D4HWH+bItqsZaVRQykAn6WEVeEkLm2oQigyHtgb0RA=="],

    "@types/filewriter": ["@types/filewriter@0.0.33", "https://registry.npmmirror.com/@types/filewriter/-/filewriter-0.0.33.tgz", {}, "sha512-xFU8ZXTw4gd358lb2jw25nxY9QAgqn2+bKKjKOYfNCzN4DKCFetK7sPtrlpg66Ywe3vWY9FNxprZawAh9wfJ3g=="],

    "@types/har-format": ["@types/har-format@1.2.16", "https://registry.npmmirror.com/@types/har-format/-/har-format-1.2.16.tgz", {}, "sha512-fluxdy7ryD3MV6h8pTfTYpy/xQzCFC7m89nOH9y94cNqJ1mDIDPut7MnRHI3F6qRmh/cT2fUjG1MLdCNb4hE9A=="],

    "@types/node": ["@types/node@26.4.1", "https://registry.npmmirror.com/@types/node/-/node-26.4.1.tgz", { "dependencies": { "undici-types": "~8.3.0" } }, "sha512-k97ENvZWtvA6yqz5/FS6a7duDgOPEeOQOc2iKS/nY6mX6qJUKtLnWzQS+Xj6tXweyj6ZcTAK2Qecetnvi9nCLA=="],

    "@types/react": ["@types/react@19.2.18", "https://registry.npmmirror.com/@types/react/-/react-19.2.18.tgz", { "dependencies": { "csstype": "^3.2.2" } }, "sha512-AnzbBERsrLKtk2XSfTbYRLjQPdy116Sty4q+T+Bp3IC4l6jNBvreVPAHmpq9qhXQM7CXZPjLVmGMw9sy+hxQ3w=="],

    "@types/react-dom": ["@types/react-dom@19.2.7", "https://registry.npmmirror.com/@types/react-dom/-/react-dom-19.2.7.tgz", { "peerDependencies": { "@types/react": "^19.2.0" } }, "sha512-I8bPpDLcHBv1qiIiXDCy71Rt8eQDKJP0sMSWJphDdAcdqiJ1sGpZamavoEIRZmYzjia9LuEb2HlYdDpmoENpvQ=="],

    "agent-base": ["agent-base@7.1.4", "https://registry.npmmirror.com/agent-base/-/agent-base-7.1.4.tgz", {}, "sha512-MnA+YT8fwfJPgBx3m60MNqakm30XOkyIoH1y6huTQvC0PwZG7ki8NacLBcrPbNoo8vEZy7Jpuk7+jMO+CUovTQ=="],

    "ajv": ["ajv@8.20.0", "https://registry.npmmirror.com/ajv/-/ajv-8.20.0.tgz", { "dependencies": { "fast-deep-equal": "^3.1.3", "fast-uri": "^3.0.1", "json-schema-traverse": "^1.0.0", "require-from-string": "^2.0.2" } }, "sha512-Thbli+OlOj+iMPYFBVBfJ3OmCAnaSyNn4M1vz9T6Gka5Jt9ba/HIR56joy65tY6kx/FCF5VXNB819Y7/GUrBGA=="],

    "asynckit": ["asynckit@0.4.0", "https://registry.npmmirror.com/asynckit/-/asynckit-0.4.0.tgz", {}, "sha512-Oei9OH4tRh0YqU3GxhX79dM/mwVgvbZJaSNaRk+bshkj0S5cfHcgYakreBjrHwatXKbz+IoIdYLxrKim2MjW0Q=="],

    "axios": ["axios@1.20.0", "https://registry.npmmirror.com/axios/-/axios-1.20.0.tgz", { "dependencies": { "follow-redirects": "^1.16.0", "form-data": "^4.0.6", "https-proxy-agent": "^5.0.1", "proxy-from-env": "^2.1.0" } }, "sha512-r8aOh8j9cGKpgQAqpzrUHnSIc6a59Y3Xf/cv8sy1DrHCkZHzQGEuoq1tARk6qSyDdtQGSDgpb9kFlruzPvrgwg=="],

    "base64-js": ["base64-js@1.5.1", "https://registry.npmmirror.com/base64-js/-/base64-js-1.5.1.tgz", {}, "sha512-AKpaYlHn8t4SVbOHCy+b5+KKgvR4vrsD8vbvrbiQJps7fKDTkjkDry6ji0rUJjC0kzbNePLwzxq8iypo41qeWA=="],

    "bun-types": ["bun-types@1.4.1", "https://registry.npmmirror.com/bun-types/-/bun-types-1.4.1.tgz", { "dependencies": { "@types/node": "*" } }, "sha512-loKuVrAFZKfEv+JvWkHRS9GW5IqLuLRjVXN9p+vZvBN86O5hf/pBZQ5hSoyipsrMmWObZBDvWnlmKvjKTM0PdA=="],

    "call-bind-apply-helpers": ["call-bind-apply-helpers@1.0.2", "https://registry.npmmirror.com/call-bind-apply-helpers/-/call-bind-apply-helpers-1.0.2.tgz", { "dependencies": { "es-errors": "^1.3.0", "function-bind": "^1.1.2" } }, "sha512-Sp1ablJ0ivDkSzjcaJdxEunN5/XvksFJ2sMBFfq6x0ryhQV/2b/KwFe21cMpmHtPOSij8K99/wSfoEuTObmuMQ=="],

    "combined-stream": ["combined-stream@1.0.8", "https://registry.npmmirror.com/combined-stream/-/combined-stream-1.0.8.tgz", { "dependencies": { "delayed-stream": "~1.0.0" } }, "sha512-FQN4MRfuJeHf7cBbBMJFXhKSDq+2kAArBlmRBvcvFE5BB1HZKXtSFASDhdlz9zOYwxh8lDdnvmMOe/+5cdoEdg=="],

    "csstype": ["csstype@3.2.3", "https://registry.npmmirror.com/csstype/-/csstype-3.2.3.tgz", {}, "sha512-z1HGKcYy2xA8AGQfwrn0PAy+PB7X/GSj3UVJW9qKyn43xWa+gl5nXmU4qqLMRzWVLFC8KusUX8T/0kCiOYpAIQ=="],

    "debug": ["debug@4.4.3", "https://registry.npmmirror.com/debug/-/debug-4.4.3.tgz", { "dependencies": { "ms": "^2.1.3" }, "peerDependencies": { "supports-color": "*" }, "optionalPeers": ["supports-color"] }, "sha512-RGwwWnwQvkVfavKVt22FGLw+xYSdzARwm0ru6DhTVA3umU5hZc28V3kO4stgYryrTlLpuvgI9GiijltAjNbcqA=="],

    "delayed-stream": ["delayed-stream@1.0.0", "https://registry.npmmirror.com/delayed-stream/-/delayed-stream-1.0.0.tgz", {}, "sha512-ZySD7Nf91aLB0RxL4KGrKHBXl7Eds1DAmEdcoVawXnLD7SDhpNgtuII2aAkg7a7QS41jxPSZ17p4VdGnMHk3MQ=="],

    "dunder-proto": ["dunder-proto@1.0.1", "https://registry.npmmirror.com/dunder-proto/-/dunder-proto-1.0.1.tgz", { "dependencies": { "call-bind-apply-helpers": "^1.0.1", "es-errors": "^1.3.0", "gopd": "^1.2.0" } }, "sha512-KIN/nDJBQRcXw0MLVhZE9iQHmG68qAVIBg9CqmUYjmQIhgij9U5MFvrqkUL5FbtyyzZuOeOt0zdeRe4UY7ct+A=="],

    "es-define-property": ["es-define-property@1.0.1", "https://registry.npmmirror.com/es-define-property/-/es-define-property-1.0.1.tgz", {}, "sha512-e3nRfgfUZ4rNGL232gUgX06QNyyez04KdjFrF+LTRoOXmrOgFKDg4BCdsjW8EnT69eqdYGmRpJwiPVYNrCaW3g=="],

    "es-errors": ["es-errors@1.3.0", "https://registry.npmmirror.com/es-errors/-/es-errors-1.3.0.tgz", {}, "sha512-Zf5H2Kxt2xjTvbJvP2ZWLEICxA6j+hAmMzIlypy4xcBg1vKVnx89Wy0GbS+kf5cwCVFFzdCFh2XSCFNULS6csw=="],

    "es-object-atoms": ["es-object-atoms@1.1.2", "https://registry.npmmirror.com/es-object-atoms/-/es-object-atoms-1.1.2.tgz", { "dependencies": { "es-errors": "^1.3.0" } }, "sha512-HWcBoN6NileqtSydK2FqHbS/LoDd2pqrnQHLyJzBj4kOp/ky2MWMN694xOfkK8/SnUsW2DH7EfyVlydKCsm1Zw=="],

    "es-set-tostringtag": ["es-set-tostringtag@2.1.0", "https://registry.npmmirror.com/es-set-tostringtag/-/es-set-tostringtag-2.1.0.tgz", { "dependencies": { "es-errors": "^1.3.0", "get-intrinsic": "^1.2.6", "has-tostringtag": "^1.0.2", "hasown": "^2.0.2" } }, "sha512-j6vWzfrGVfyXxge+O0x5sh6cvxAog0a/4Rdd2K36zCMV5eJ+/+tOAngRO8cODMNWbVRdVlmGZQL2YS3yR8bIUA=="],

    "fast-deep-equal": ["fast-deep-equal@3.1.3", "https://registry.npmmirror.com/fast-deep-equal/-/fast-deep-equal-3.1.3.tgz", {}, "sha512-f3qQ9oQy9j2AhBe/H9VC91wLmKBCCU/gDOnKNAYG5hswO7BLKj09Hc5HYNz9cGI++xlpDCIgDaitVs03ATR84Q=="],

    "fast-uri": ["fast-uri@3.1.7", "https://registry.npmmirror.com/fast-uri/-/fast-uri-3.1.7.tgz", {}, "sha512-dOvZVzjdZdz7phd9v6jCbwxrBW3fK6n8Rc0CtdmM4bumzMnxywBYhuph6J819RRw/ku+rLbelwfMunktuzVVHg=="],

    "follow-redirects": ["follow-redirects@1.16.0", "https://registry.npmmirror.com/follow-redirects/-/follow-redirects-1.16.0.tgz", { "peerDependencies": { "debug": "*" }, "optionalPeers": ["debug"] }, "sha512-y5rN/uOsadFT/JfYwhxRS5R7Qce+g3zG97+JrtFZlC9klX/W5hD7iiLzScI4nZqUS7DNUdhPgw4xI8W2LuXlUw=="],

    "form-data": ["form-data@4.0.6", "https://registry.npmmirror.com/form-data/-/form-data-4.0.6.tgz", { "dependencies": { "asynckit": "^0.4.0", "combined-stream": "^1.0.8", "es-set-tostringtag": "^2.1.0", "hasown": "^2.0.4", "mime-types": "^2.1.35" } }, "sha512-vKatAh4SlVfgbv+YtmhiRjhEMJsYpsG1Y2rMQtR+SVSbytsSD1YGzDIcrAJmdFec88u/+VoGmxnl+80gL1tRCQ=="],

    "function-bind": ["function-bind@1.1.2", "https://registry.npmmirror.com/function-bind/-/function-bind-1.1.2.tgz", {}, "sha512-7XHNxH7qX9xG5mIwxkhumTox/MIRNcOgDrxWsMt2pAr23WHp6MrRlN7FBSFpCpr+oVO0F744iUgR82nJMfG2SA=="],

    "get-intrinsic": ["get-intrinsic@1.3.0", "https://registry.npmmirror.com/get-intrinsic/-/get-intrinsic-1.3.0.tgz", { "dependencies": { "call-bind-apply-helpers": "^1.0.2", "es-define-property": "^1.0.1", "es-errors": "^1.3.0", "es-object-atoms": "^1.1.1", "function-bind": "^1.1.2", "get-proto": "^1.0.1", "gopd": "^1.2.0", "has-symbols": "^1.1.0", "hasown": "^2.0.2", "math-intrinsics": "^1.1.0" } }, "sha512-9fSjSaos/fRIVIp+xSJlE6lfwhES7LNtKaCBIamHsjr2na1BiABJPo0mOjjz8GJDURarmCPGqaiVg5mfjb98CQ=="],

    "get-proto": ["get-proto@1.0.1", "https://registry.npmmirror.com/get-proto/-/get-proto-1.0.1.tgz", { "dependencies": { "dunder-proto": "^1.0.1", "es-object-atoms": "^1.0.0" } }, "sha512-sTSfBjoXBp89JvIKIefqw7U2CCebsc74kiY6awiGogKtoSGbgjYE/G/+l9sF3MWFPNc9IcoOC4ODfKHfxFmp0g=="],

    "gopd": ["gopd@1.2.0", "https://registry.npmmirror.com/gopd/-/gopd-1.2.0.tgz", {}, "sha512-ZUKRh6/kUFoAiTAtTYPZJ3hw9wNxx+BIBOijnlG9PnrJsCcSjs1wyyD6vJpaYtgnzDrKYRSqf3OO6Rfa93xsRg=="],

    "has-symbols": ["has-symbols@1.1.0", "https://registry.npmmirror.com/has-symbols/-/has-symbols-1.1.0.tgz", {}, "sha512-1cDNdwJ2Jaohmb3sg4OmKaMBwuC48sYni5HUw2DvsC8LjGTLK9h+eb1X6RyuOHe4hT0ULCW68iomhjUoKUqlPQ=="],

    "has-tostringtag": ["has-tostringtag@1.0.2", "https://registry.npmmirror.com/has-tostringtag/-/has-tostringtag-1.0.2.tgz", { "dependencies": { "has-symbols": "^1.0.3" } }, "sha512-NqADB8VjPFLM2V0VvHUewwwsw0ZWBaIdgo+ieHtK3hasLz4qeCRjYcqfB6AQrBggRKppKF8L52/VqdVsO47Dlw=="],

    "hasown": ["hasown@2.0.4", "https://registry.npmmirror.com/hasown/-/hasown-2.0.4.tgz", { "dependencies": { "function-bind": "^1.1.2" } }, "sha512-T2UbfbBEF32wiepXIsMlTW9+dDYC6wMh/t/vYA4tuOMKqWz/n3vr1NFSxQiyP+zk2mXsoMA/i/7qV6LKut1t1A=="],

    "https-proxy-agent": ["https-proxy-agent@7.0.6", "https://registry.npmmirror.com/https-proxy-agent/-/https-proxy-agent-7.0.6.tgz", { "dependencies": { "agent-base": "^7.1.2", "debug": "4" } }, "sha512-vK9P5/iUfdl95AI+JVyUuIcVtd4ofvtrOr3HNtM2yxC9bnMbEdp3x01OhQNnjb8IJYi38VlTE3mBXwcfvywuSw=="],

    "js-tiktoken": ["js-tiktoken@1.0.21", "https://registry.npmmirror.com/js-tiktoken/-/js-tiktoken-1.0.21.tgz", { "dependencies": { "base64-js": "^1.5.1" } }, "sha512-biOj/6M5qdgx5TKjDnFT1ymSpM5tbd3ylwDtrQvFQSu0Z7bBYko2dF+W/aUkXUPuk6IVpRxk/3Q2sHOzGlS36g=="],

    "json-schema-traverse": ["json-schema-traverse@1.0.0", "https://registry.npmmirror.com/json-schema-traverse/-/json-schema-traverse-1.0.0.tgz", {}, "sha512-NM8/P9n3XjXhIZn1lLhkFaACTOURQXjWhV4BA/RnOv8xvgqtqpAX9IO4mRQxSx1Rlo4tqzeqb0sOlruaOy3dug=="],

    "math-intrinsics": ["math-intrinsics@1.1.0", "https://registry.npmmirror.com/math-intrinsics/-/math-intrinsics-1.1.0.tgz", {}, "sha512-/IXtbwEk5HTPyEwyKX6hGkYXxM9nbj64B+ilVJnC/R6B0pH5G4V3b0pVbL7DBj4tkhBAppbQUlf6F6Xl9LHu1g=="],

    "mime-db": ["mime-db@1.52.0", "https://registry.npmmirror.com/mime-db/-/mime-db-1.52.0.tgz", {}, "sha512-sPU4uV7dYlvtWJxwwxHD0PuihVNiE7TyAbQ5SWxDCB9mUYvOgroQOwYQQOKPJ8CIbE+1ETVlOoK1UC2nU3gYvg=="],

    "mime-types": ["mime-types@2.1.35", "https://registry.npmmirror.com/mime-types/-/mime-types-2.1.35.tgz", { "dependencies": { "mime-db": "1.52.0" } }, "sha512-ZDY+bPm5zTTF+YpCrAU9nK0UgICYPT0QtT1NZWFv4s++TNkcgVaT0g6+4R2uI4MjQjzysHB1zxuWL50hzaeXiw=="],

    "ms": ["ms@2.1.3", "https://registry.npmmirror.com/ms/-/ms-2.1.3.tgz", {}, "sha512-6FlzubTLZG3J2a/NVCAleEhjzq5oxgHyaCU9yYXvcLsvoVaHJq/s5xXI6/XXP6tz7R9xAOtHnSO/tXtF3WRTlA=="],

    "openai": ["openai@7.10.0", "https://registry.npmmirror.com/openai/-/openai-7.10.0.tgz", { "peerDependencies": { "@aws-sdk/credential-provider-node": ">=3.972.0 <4", "@smithy/hash-node": ">=4.3.0 <5", "@smithy/signature-v4": ">=5.4.0 <6", "undici": ">=5 <9", "ws": "^8.21.0", "zod": "^3.25 || ^4.0" }, "optionalPeers": ["@aws-sdk/credential-provider-node", "@smithy/hash-node", "@smithy/signature-v4", "undici", "ws", "zod"] }, "sha512-sn9t2Kls7O52PwuF9BUTYNu4Gk/r0lXJyrgaNht4TNRlZFb3dJIGO0RciSgjARGCBRtWjySubAQFJttlzUvGQQ=="],

    "proxy-from-env": ["proxy-from-env@2.1.0", "https://registry.npmmirror.com/proxy-from-env/-/proxy-from-env-2.1.0.tgz", {}, "sha512-cJ+oHTW1VAEa8cJslgmUZrc+sjRKgAKl3Zyse6+PV38hZe/V6Z14TbCuXcan9F9ghlz4QrFr2c92TNF82UkYHA=="],

    "react": ["react@19.2.8", "https://registry.npmmirror.com/react/-/react-19.2.8.tgz", {}, "sha512-PWaYA1L/q9u2u7xYQi+Y3L3Yfnie7XyLeaJICV1MGD6LprsBxcAqGjYyr0eY3p+QdsA+x/Irkt4Qif8D63+Sbw=="],

    "react-dom": ["react-dom@19.2.8", "https://registry.npmmirror.com/react-dom/-/react-dom-19.2.8.tgz", { "dependencies": { "scheduler": "^0.27.0" }, "peerDependencies": { "react": "^19.2.8" } }, "sha512-rVprimfGBG3DR+Tq0IQG2DT5PxKth1WIGDmj5yPmlzr4YBe7uyE+Du4oVqTDXZSHGGGXRtTJEGSSePyQCMBglQ=="],

    "require-from-string": ["require-from-string@2.0.2", "https://registry.npmmirror.com/require-from-string/-/require-from-string-2.0.2.tgz", {}, "sha512-Xf0nWe6RseziFMu+Ap9biiUbmplq6S9/p+7w7YXP/JBHhrUDDUhwa+vANyubuqfZWTveU//DYVGsDG7RKL/vEw=="],

    "scheduler": ["scheduler@0.27.0", "https://registry.npmmirror.com/scheduler/-/scheduler-0.27.0.tgz", {}, "sha512-eNv+WrVbKu1f3vbYJT/xtiF5syA5HPIMtf9IgY/nKg0sWqzAUEvqY/xm7OcZc/qafLx/iO9FgOmeSAp4v5ti/Q=="],

    "undici-types": ["undici-types@8.3.0", "https://registry.npmmirror.com/undici-types/-/undici-types-8.3.0.tgz", {}, "sha512-j375ScV60dom+YkPFIfTLcOiPxkN/buHz5GobjLhixFuANaNs3C9l4GmrWqejgXWJ7BbJcFYpTEUkS1Ge8bpZQ=="],

    "axios/https-proxy-agent": ["https-proxy-agent@5.0.1", "https://registry.npmmirror.com/https-proxy-agent/-/https-proxy-agent-5.0.1.tgz", { "dependencies": { "agent-base": "6", "debug": "4" } }, "sha512-dFcAjpTQFgoLMzC2VwU+C/CbS7uRL0lWmxDITmqm7C+7F0Odmj6s9l6alZc6AELXhrnggM2CeWSXHGOdX2YtwA=="],

    "axios/https-proxy-agent/agent-base": ["agent-base@6.0.2", "https://registry.npmmirror.com/agent-base/-/agent-base-6.0.2.tgz", { "dependencies": { "debug": "4" } }, "sha512-RZNwNclF7+MS/8bDg70amg32dyeZGZxiDuQmZxKLAlQjr3jGyLx+4Kkk58UO7D2QdgFIQCovuSuZESne6RG6XQ=="],
  }
}
